
Microsoft Visual Studio Solution File, Format Version 10.00
# Visual Studio 2008
Project("{2150E333-8FDC-42A3-9474-1A3956D46DE8}") = "Solution Items", "Solution Items", "{3261FB07-1EB0-4B85-AD27-BA851FF18D6B}"
	ProjectSection(SolutionItems) = preProject
		System.Reactive.dll = System.Reactive.dll
	EndProjectSection
EndProject
Project("{FAE04EC0-301F-11D3-BF4B-00C04F79EFBC}") = "SilverlightApp", "SilverlightApp\SilverlightApp.csproj", "{2A6893A0-7116-4CB0-AE89-B1B1F07FD23F}"
EndProject
Project("{FAE04EC0-301F-11D3-BF4B-00C04F79EFBC}") = "SilverlightApp.Web", "SilverlightApp.Web\SilverlightApp.Web.csproj", "{8969A86E-C1FC-4FF9-9882-3A04A0D75E9E}"
EndProject
Global
	GlobalSection(SolutionConfigurationPlatforms) = preSolution
		Debug|Any CPU = Debug|Any CPU
		Release|Any CPU = Release|Any CPU
	EndGlobalSection
	GlobalSection(ProjectConfigurationPlatforms) = postSolution
		{2A6893A0-7116-4CB0-AE89-B1B1F07FD23F}.Debug|Any CPU.ActiveCfg = Debug|Any CPU
		{2A6893A0-7116-4CB0-AE89-B1B1F07FD23F}.Debug|Any CPU.Build.0 = Debug|Any CPU
		{2A6893A0-7116-4CB0-AE89-B1B1F07FD23F}.Release|Any CPU.ActiveCfg = Release|Any CPU
		{2A6893A0-7116-4CB0-AE89-B1B1F07FD23F}.Release|Any CPU.Build.0 = Release|Any CPU
		{8969A86E-C1FC-4FF9-9882-3A04A0D75E9E}.Debug|Any CPU.ActiveCfg = Debug|Any CPU
		{8969A86E-C1FC-4FF9-9882-3A04A0D75E9E}.Debug|Any CPU.Build.0 = Debug|Any CPU
		{8969A86E-C1FC-4FF9-9882-3A04A0D75E9E}.Release|Any CPU.ActiveCfg = Release|Any CPU
		{8969A86E-C1FC-4FF9-9882-3A04A0D75E9E}.Release|Any CPU.Build.0 = Release|Any CPU
	EndGlobalSection
	GlobalSection(SolutionProperties) = preSolution
		HideSolutionNode = FALSE
	EndGlobalSection
EndGlobal
